
Microsoft Visual Studio Solution File, Format Version 12.00
# Visual Studio 15
VisualStudioVersion = 15.0.27703.2042
MinimumVisualStudioVersion = 10.0.40219.1
Project("{FAE04EC0-301F-11D3-BF4B-00C04F79EFBC}") = "DemoChat.Android", "DemoChat\DemoChat.Android\DemoChat.Android.csproj", "{8B440461-1569-463D-AE6D-639B05FF4E77}"
EndProject
Project("{FAE04EC0-301F-11D3-BF4B-00C04F79EFBC}") = "DemoChat.iOS", "DemoChat\DemoChat.iOS\DemoChat.iOS.csproj", "{A4DF9335-6C8F-49F0-91A8-3473EF95083C}"
EndProject
Project("{FAE04EC0-301F-11D3-BF4B-00C04F79EFBC}") = "DemoChat", "DemoChat\DemoChat\DemoChat.csproj", "{5B394AE5-396D-4634-ACDC-B99C5283CCBB}"
EndProject
Global
	GlobalSection(SolutionConfigurationPlatforms) = preSolution
		Ad-Hoc|Any CPU = Ad-Hoc|Any CPU
		Ad-Hoc|iPhone = Ad-Hoc|iPhone
		Ad-Hoc|iPhoneSimulator = Ad-Hoc|iPhoneSimulator
		AppStore|Any CPU = AppStore|Any CPU
		AppStore|iPhone = AppStore|iPhone
		AppStore|iPhoneSimulator = AppStore|iPhoneSimulator
		Debug|Any CPU = Debug|Any CPU
		Debug|iPhone = Debug|iPhone
		Debug|iPhoneSimulator = Debug|iPhoneSimulator
		Release|Any CPU = Release|Any CPU
		Release|iPhone = Release|iPhone
		Release|iPhoneSimulator = Release|iPhoneSimulator
	EndGlobalSection
	GlobalSection(ProjectConfigurationPlatforms) = postSolution
		{8B440461-1569-463D-AE6D-639B05FF4E77}.Ad-Hoc|Any CPU.ActiveCfg = Release|Any CPU
		{8B440461-1569-463D-AE6D-639B05FF4E77}.Ad-Hoc|Any CPU.Build.0 = Release|Any CPU
		{8B440461-1569-463D-AE6D-639B05FF4E77}.Ad-Hoc|Any CPU.Deploy.0 = Release|Any CPU
		{8B440461-1569-463D-AE6D-639B05FF4E77}.Ad-Hoc|iPhone.ActiveCfg = Release|Any CPU
		{8B440461-1569-463D-AE6D-639B05FF4E77}.Ad-Hoc|iPhone.Build.0 = Release|Any CPU
		{8B440461-1569-463D-AE6D-639B05FF4E77}.Ad-Hoc|iPhone.Deploy.0 = Release|Any CPU
		{8B440461-1569-463D-AE6D-639B05FF4E77}.Ad-Hoc|iPhoneSimulator.ActiveCfg = Release|Any CPU
		{8B440461-1569-463D-AE6D-639B05FF4E77}.Ad-Hoc|iPhoneSimulator.Build.0 = Release|Any CPU
		{8B440461-1569-463D-AE6D-639B05FF4E77}.Ad-Hoc|iPhoneSimulator.Deploy.0 = Release|Any CPU
		{8B440461-1569-463D-AE6D-639B05FF4E77}.AppStore|Any CPU.ActiveCfg = Release|Any CPU
		{8B440461-1569-463D-AE6D-639B05FF4E77}.AppStore|Any CPU.Build.0 = Release|Any CPU
		{8B440461-1569-463D-AE6D-639B05FF4E77}.AppStore|Any CPU.Deploy.0 = Release|Any CPU
		{8B440461-1569-463D-AE6D-639B05FF4E77}.AppStore|iPhone.ActiveCfg = Release|Any CPU
		{8B440461-1569-463D-AE6D-639B05FF4E77}.AppStore|iPhone.Build.0 = Release|Any CPU
		{8B440461-1569-463D-AE6D-639B05FF4E77}.AppStore|iPhone.Deploy.0 = Release|Any CPU
		{8B440461-1569-463D-AE6D-639B05FF4E77}.AppStore|iPhoneSimulator.ActiveCfg = Release|Any CPU
		{8B440461-1569-463D-AE6D-639B05FF4E77}.AppStore|iPhoneSimulator.Build.0 = Release|Any CPU
		{8B440461-1569-463D-AE6D-639B05FF4E77}.AppStore|iPhoneSimulator.Deploy.0 = Release|Any CPU
		{8B440461-1569-463D-AE6D-639B05FF4E77}.Debug|Any CPU.ActiveCfg = Debug|Any CPU
		{8B440461-1569-463D-AE6D-639B05FF4E77}.Debug|Any CPU.Build.0 = Debug|Any CPU
		{8B440461-1569-463D-AE6D-639B05FF4E77}.Debug|Any CPU.Deploy.0 = Debug|Any CPU
		{8B440461-1569-463D-AE6D-639B05FF4E77}.Debug|iPhone.ActiveCfg = Debug|Any CPU
		{8B440461-1569-463D-AE6D-639B05FF4E77}.Debug|iPhone.Build.0 = Debug|Any CPU
		{8B440461-1569-463D-AE6D-639B05FF4E77}.Debug|iPhone.Deploy.0 = Debug|Any CPU
		{8B440461-1569-463D-AE6D-639B05FF4E77}.Debug|iPhoneSimulator.ActiveCfg = Debug|Any CPU
		{8B440461-1569-463D-AE6D-639B05FF4E77}.Debug|iPhoneSimulator.Build.0 = Debug|Any CPU
		{8B440461-1569-463D-AE6D-639B05FF4E77}.Debug|iPhoneSimulator.Deploy.0 = Debug|Any CPU
		{8B440461-1569-463D-AE6D-639B05FF4E77}.Release|Any CPU.ActiveCfg = Release|Any CPU
		{8B440461-1569-463D-AE6D-639B05FF4E77}.Release|Any CPU.Build.0 = Release|Any CPU
		{8B440461-1569-463D-AE6D-639B05FF4E77}.Release|Any CPU.Deploy.0 = Release|Any CPU
		{8B440461-1569-463D-AE6D-639B05FF4E77}.Release|iPhone.ActiveCfg = Release|Any CPU
		{8B440461-1569-463D-AE6D-639B05FF4E77}.Release|iPhone.Build.0 = Release|Any CPU
		{8B440461-1569-463D-AE6D-639B05FF4E77}.Release|iPhone.Deploy.0 = Release|Any CPU
		{8B440461-1569-463D-AE6D-639B05FF4E77}.Release|iPhoneSimulator.ActiveCfg = Release|Any CPU
		{8B440461-1569-463D-AE6D-639B05FF4E77}.Release|iPhoneSimulator.Build.0 = Release|Any CPU
		{8B440461-1569-463D-AE6D-639B05FF4E77}.Release|iPhoneSimulator.Deploy.0 = Release|Any CPU
		{A4DF9335-6C8F-49F0-91A8-3473EF95083C}.Ad-Hoc|Any CPU.ActiveCfg = Ad-Hoc|iPhone
		{A4DF9335-6C8F-49F0-91A8-3473EF95083C}.Ad-Hoc|Any CPU.Build.0 = Ad-Hoc|iPhone
		{A4DF9335-6C8F-49F0-91A8-3473EF95083C}.Ad-Hoc|Any CPU.Deploy.0 = Ad-Hoc|iPhone
		{A4DF9335-6C8F-49F0-91A8-3473EF95083C}.Ad-Hoc|iPhone.ActiveCfg = Ad-Hoc|iPhone
		{A4DF9335-6C8F-49F0-91A8-3473EF95083C}.Ad-Hoc|iPhone.Build.0 = Ad-Hoc|iPhone
		{A4DF9335-6C8F-49F0-91A8-3473EF95083C}.Ad-Hoc|iPhone.Deploy.0 = Ad-Hoc|iPhone
		{A4DF9335-6C8F-49F0-91A8-3473EF95083C}.Ad-Hoc|iPhoneSimulator.ActiveCfg = Ad-Hoc|iPhoneSimulator
		{A4DF9335-6C8F-49F0-91A8-3473EF95083C}.Ad-Hoc|iPhoneSimulator.Build.0 = Ad-Hoc|iPhoneSimulator
		{A4DF9335-6C8F-49F0-91A8-3473EF95083C}.Ad-Hoc|iPhoneSimulator.Deploy.0 = Ad-Hoc|iPhoneSimulator
		{A4DF9335-6C8F-49F0-91A8-3473EF95083C}.AppStore|Any CPU.ActiveCfg = AppStore|iPhone
		{A4DF9335-6C8F-49F0-91A8-3473EF95083C}.AppStore|Any CPU.Build.0 = AppStore|iPhone
		{A4DF9335-6C8F-49F0-91A8-3473EF95083C}.AppStore|Any CPU.Deploy.0 = AppStore|iPhone
		{A4DF9335-6C8F-49F0-91A8-3473EF95083C}.AppStore|iPhone.ActiveCfg = AppStore|iPhone
		{A4DF9335-6C8F-49F0-91A8-3473EF95083C}.AppStore|iPhone.Build.0 = AppStore|iPhone
		{A4DF9335-6C8F-49F0-91A8-3473EF95083C}.AppStore|iPhone.Deploy.0 = AppStore|iPhone
		{A4DF9335-6C8F-49F0-91A8-3473EF95083C}.AppStore|iPhoneSimulator.ActiveCfg = AppStore|iPhoneSimulator
		{A4DF9335-6C8F-49F0-91A8-3473EF95083C}.AppStore|iPhoneSimulator.Build.0 = AppStore|iPhoneSimulator
		{A4DF9335-6C8F-49F0-91A8-3473EF95083C}.AppStore|iPhoneSimulator.Deploy.0 = AppStore|iPhoneSimulator
		{A4DF9335-6C8F-49F0-91A8-3473EF95083C}.Debug|Any CPU.ActiveCfg = Debug|iPhoneSimulator
		{A4DF9335-6C8F-49F0-91A8-3473EF95083C}.Debug|Any CPU.Build.0 = Debug|iPhoneSimulator
		{A4DF9335-6C8F-49F0-91A8-3473EF95083C}.Debug|Any CPU.Deploy.0 = Debug|iPhoneSimulator
		{A4DF9335-6C8F-49F0-91A8-3473EF95083C}.Debug|iPhone.ActiveCfg = Debug|iPhone
		{A4DF9335-6C8F-49F0-91A8-3473EF95083C}.Debug|iPhone.Build.0 = Debug|iPhone
		{A4DF9335-6C8F-49F0-91A8-3473EF95083C}.Debug|iPhone.Deploy.0 = Debug|iPhone
		{A4DF9335-6C8F-49F0-91A8-3473EF95083C}.Debug|iPhoneSimulator.ActiveCfg = Debug|iPhoneSimulator
		{A4DF9335-6C8F-49F0-91A8-3473EF95083C}.Debug|iPhoneSimulator.Build.0 = Debug|iPhoneSimulator
		{A4DF9335-6C8F-49F0-91A8-3473EF95083C}.Debug|iPhoneSimulator.Deploy.0 = Debug|iPhoneSimulator
		{A4DF9335-6C8F-49F0-91A8-3473EF95083C}.Release|Any CPU.ActiveCfg = Release|iPhone
		{A4DF9335-6C8F-49F0-91A8-3473EF95083C}.Release|Any CPU.Build.0 = Release|iPhone
		{A4DF9335-6C8F-49F0-91A8-3473EF95083C}.Release|Any CPU.Deploy.0 = Release|iPhone
		{A4DF9335-6C8F-49F0-91A8-3473EF95083C}.Release|iPhone.ActiveCfg = Release|iPhone
		{A4DF9335-6C8F-49F0-91A8-3473EF95083C}.Release|iPhone.Build.0 = Release|iPhone
		{A4DF9335-6C8F-49F0-91A8-3473EF95083C}.Release|iPhone.Deploy.0 = Release|iPhone
		{A4DF9335-6C8F-49F0-91A8-3473EF95083C}.Release|iPhoneSimulator.ActiveCfg = Release|iPhoneSimulator
		{A4DF9335-6C8F-49F0-91A8-3473EF95083C}.Release|iPhoneSimulator.Build.0 = Release|iPhoneSimulator
		{A4DF9335-6C8F-49F0-91A8-3473EF95083C}.Release|iPhoneSimulator.Deploy.0 = Release|iPhoneSimulator
		{5B394AE5-396D-4634-ACDC-B99C5283CCBB}.Ad-Hoc|Any CPU.ActiveCfg = Debug|Any CPU
		{5B394AE5-396D-4634-ACDC-B99C5283CCBB}.Ad-Hoc|Any CPU.Build.0 = Debug|Any CPU
		{5B394AE5-396D-4634-ACDC-B99C5283CCBB}.Ad-Hoc|Any CPU.Deploy.0 = Debug|Any CPU
		{5B394AE5-396D-4634-ACDC-B99C5283CCBB}.Ad-Hoc|iPhone.ActiveCfg = Debug|Any CPU
		{5B394AE5-396D-4634-ACDC-B99C5283CCBB}.Ad-Hoc|iPhone.Build.0 = Debug|Any CPU
		{5B394AE5-396D-4634-ACDC-B99C5283CCBB}.Ad-Hoc|iPhone.Deploy.0 = Debug|Any CPU
		{5B394AE5-396D-4634-ACDC-B99C5283CCBB}.Ad-Hoc|iPhoneSimulator.ActiveCfg = Debug|Any CPU
		{5B394AE5-396D-4634-ACDC-B99C5283CCBB}.Ad-Hoc|iPhoneSimulator.Build.0 = Debug|Any CPU
		{5B394AE5-396D-4634-ACDC-B99C5283CCBB}.Ad-Hoc|iPhoneSimulator.Deploy.0 = Debug|Any CPU
		{5B394AE5-396D-4634-ACDC-B99C5283CCBB}.AppStore|Any CPU.ActiveCfg = Debug|Any CPU
		{5B394AE5-396D-4634-ACDC-B99C5283CCBB}.AppStore|Any CPU.Build.0 = Debug|Any CPU
		{5B394AE5-396D-4634-ACDC-B99C5283CCBB}.AppStore|Any CPU.Deploy.0 = Debug|Any CPU
		{5B394AE5-396D-4634-ACDC-B99C5283CCBB}.AppStore|iPhone.ActiveCfg = Debug|Any CPU
		{5B394AE5-396D-4634-ACDC-B99C5283CCBB}.AppStore|iPhone.Build.0 = Debug|Any CPU
		{5B394AE5-396D-4634-ACDC-B99C5283CCBB}.AppStore|iPhone.Deploy.0 = Debug|Any CPU
		{5B394AE5-396D-4634-ACDC-B99C5283CCBB}.AppStore|iPhoneSimulator.ActiveCfg = Debug|Any CPU
		{5B394AE5-396D-4634-ACDC-B99C5283CCBB}.AppStore|iPhoneSimulator.Build.0 = Debug|Any CPU
		{5B394AE5-396D-4634-ACDC-B99C5283CCBB}.AppStore|iPhoneSimulator.Deploy.0 = Debug|Any CPU
		{5B394AE5-396D-4634-ACDC-B99C5283CCBB}.Debug|Any CPU.ActiveCfg = Debug|Any CPU
		{5B394AE5-396D-4634-ACDC-B99C5283CCBB}.Debug|Any CPU.Build.0 = Debug|Any CPU
		{5B394AE5-396D-4634-ACDC-B99C5283CCBB}.Debug|Any CPU.Deploy.0 = Debug|Any CPU
		{5B394AE5-396D-4634-ACDC-B99C5283CCBB}.Debug|iPhone.ActiveCfg = Debug|Any CPU
		{5B394AE5-396D-4634-ACDC-B99C5283CCBB}.Debug|iPhone.Build.0 = Debug|Any CPU
		{5B394AE5-396D-4634-ACDC-B99C5283CCBB}.Debug|iPhone.Deploy.0 = Debug|Any CPU
		{5B394AE5-396D-4634-ACDC-B99C5283CCBB}.Debug|iPhoneSimulator.ActiveCfg = Debug|Any CPU
		{5B394AE5-396D-4634-ACDC-B99C5283CCBB}.Debug|iPhoneSimulator.Build.0 = Debug|Any CPU
		{5B394AE5-396D-4634-ACDC-B99C5283CCBB}.Debug|iPhoneSimulator.Deploy.0 = Debug|Any CPU
		{5B394AE5-396D-4634-ACDC-B99C5283CCBB}.Release|Any CPU.ActiveCfg = Release|Any CPU
		{5B394AE5-396D-4634-ACDC-B99C5283CCBB}.Release|Any CPU.Build.0 = Release|Any CPU
		{5B394AE5-396D-4634-ACDC-B99C5283CCBB}.Release|Any CPU.Deploy.0 = Release|Any CPU
		{5B394AE5-396D-4634-ACDC-B99C5283CCBB}.Release|iPhone.ActiveCfg = Release|Any CPU
		{5B394AE5-396D-4634-ACDC-B99C5283CCBB}.Release|iPhone.Build.0 = Release|Any CPU
		{5B394AE5-396D-4634-ACDC-B99C5283CCBB}.Release|iPhone.Deploy.0 = Release|Any CPU
		{5B394AE5-396D-4634-ACDC-B99C5283CCBB}.Release|iPhoneSimulator.ActiveCfg = Release|Any CPU
		{5B394AE5-396D-4634-ACDC-B99C5283CCBB}.Release|iPhoneSimulator.Build.0 = Release|Any CPU
		{5B394AE5-396D-4634-ACDC-B99C5283CCBB}.Release|iPhoneSimulator.Deploy.0 = Release|Any CPU
	EndGlobalSection
	GlobalSection(SolutionProperties) = preSolution
		HideSolutionNode = FALSE
	EndGlobalSection
	GlobalSection(ExtensibilityGlobals) = postSolution
		SolutionGuid = {F408C1BD-3F9D-4534-812D-B16F21FD8BF0}
	EndGlobalSection
EndGlobal
